
Microsoft Visual Studio Solution File, Format Version 12.00
# Visual Studio Version 17
VisualStudioVersion = 17.1.32421.90
MinimumVisualStudioVersion = 10.0.40219.1
Project("{FAE04EC0-301F-11D3-BF4B-00C04F79EFBC}") = "CM_ADD,EDIT,DELETE", "CM_ADD,EDIT,DELETE\CM_ADD,EDIT,DELETE.csproj", "{2440516C-3C5C-4FA5-8685-1D50299F1EB6}"
EndProject
Global
	GlobalSection(SolutionConfigurationPlatforms) = preSolution
		Debug|Any CPU = Debug|Any CPU
		Release|Any CPU = Release|Any CPU
	EndGlobalSection
	GlobalSection(ProjectConfigurationPlatforms) = postSolution
		{2440516C-3C5C-4FA5-8685-1D50299F1EB6}.Debug|Any CPU.ActiveCfg = Debug|Any CPU
		{2440516C-3C5C-4FA5-8685-1D50299F1EB6}.Debug|Any CPU.Build.0 = Debug|Any CPU
		{2440516C-3C5C-4FA5-8685-1D50299F1EB6}.Release|Any CPU.ActiveCfg = Release|Any CPU
		{2440516C-3C5C-4FA5-8685-1D50299F1EB6}.Release|Any CPU.Build.0 = Release|Any CPU
	EndGlobalSection
	GlobalSection(SolutionProperties) = preSolution
		HideSolutionNode = FALSE
	EndGlobalSection
	GlobalSection(ExtensibilityGlobals) = postSolution
		SolutionGuid = {A2DFEAD7-39A8-4068-A37E-9E4727AF4DCF}
	EndGlobalSection
EndGlobal
